[[package]]
category = "main"
description = "A cross platform clipboard operation library of Python. Works for Windows, Mac and Linux."
name = "clipboard"
optional = false
python-versions = "*"
version = "0.0.4"

[package.dependencies]
pyperclip = ">=1.3"

[[package]]
category = "main"
description = "A cross-platform clipboard module for Python. (Only handles plain text for now.)"
name = "pyperclip"
optional = false
python-versions = "*"
version = "1.8.1"

[metadata]
content-hash = "f0346213dd86702a14167057659147e02f1ae66a6a5e183332b868d994cf7cf4"
python-versions = "^3.8"

[metadata.files]
clipboard = [
    {file = "clipboard-0.0.4.tar.gz", hash = "sha256:a72a78e9c9bf68da1c3f29ee022417d13ec9e3824b511559fd2b702b1dd5b817"},
]
pyperclip = [
    {file = "pyperclip-1.8.1.tar.gz", hash = "sha256:9abef1e79ce635eb62309ecae02dfb5a3eb952fa7d6dce09c1aef063f81424d3"},
]
